
Microsoft Visual Studio Solution File, Format Version 12.00
# Visual Studio Version 16
VisualStudioVersion = 16.0.30517.126
MinimumVisualStudioVersion = 10.0.40219.1
Project("{FAE04EC0-301F-11D3-BF4B-00C04F79EFBC}") = "Kino", "Kino\Kino.csproj", "{B222E78F-742B-4EE0-B215-AA30EF7D337F}"
EndProject
Global
	GlobalSection(SolutionConfigurationPlatforms) = preSolution
		Debug|Any CPU = Debug|Any CPU
		Release|Any CPU = Release|Any CPU
	EndGlobalSection
	GlobalSection(ProjectConfigurationPlatforms) = postSolution
		{B222E78F-742B-4EE0-B215-AA30EF7D337F}.Debug|Any CPU.ActiveCfg = Debug|Any CPU
		{B222E78F-742B-4EE0-B215-AA30EF7D337F}.Debug|Any CPU.Build.0 = Debug|Any CPU
		{B222E78F-742B-4EE0-B215-AA30EF7D337F}.Release|Any CPU.ActiveCfg = Release|Any CPU
		{B222E78F-742B-4EE0-B215-AA30EF7D337F}.Release|Any CPU.Build.0 = Release|Any CPU
	EndGlobalSection
	GlobalSection(SolutionProperties) = preSolution
		HideSolutionNode = FALSE
	EndGlobalSection
	GlobalSection(ExtensibilityGlobals) = postSolution
		SolutionGuid = {1DBE88A5-EC02-4717-ACC7-E448C8CE5E64}
	EndGlobalSection
EndGlobal
